
Microsoft Visual Studio Solution File, Format Version 12.00
# Visual Studio Version 16
VisualStudioVersion = 16.0.30320.27
MinimumVisualStudioVersion = 10.0.40219.1
Project("{FAE04EC0-301F-11D3-BF4B-00C04F79EFBC}") = "GoforBroke", "GoforBroke\GoforBroke.csproj", "{420040D5-BF9B-4F03-AEC0-D67E0C22612D}"
EndProject
Global
	GlobalSection(SolutionConfigurationPlatforms) = preSolution
		Debug|Any CPU = Debug|Any CPU
		Release|Any CPU = Release|Any CPU
	EndGlobalSection
	GlobalSection(ProjectConfigurationPlatforms) = postSolution
		{420040D5-BF9B-4F03-AEC0-D67E0C22612D}.Debug|Any CPU.ActiveCfg = Debug|Any CPU
		{420040D5-BF9B-4F03-AEC0-D67E0C22612D}.Debug|Any CPU.Build.0 = Debug|Any CPU
		{420040D5-BF9B-4F03-AEC0-D67E0C22612D}.Release|Any CPU.ActiveCfg = Release|Any CPU
		{420040D5-BF9B-4F03-AEC0-D67E0C22612D}.Release|Any CPU.Build.0 = Release|Any CPU
	EndGlobalSection
	GlobalSection(SolutionProperties) = preSolution
		HideSolutionNode = FALSE
	EndGlobalSection
	GlobalSection(ExtensibilityGlobals) = postSolution
		SolutionGuid = {5C06C93C-D8A6-4CA7-BAE7-F124DEFBF487}
	EndGlobalSection
EndGlobal
